// !$*UTF8*$!
{
	archiveVersion = 1;
	classes = {
	};
	objectVersion = 50;
	objects = {

/* Begin PBXBuildFile section */
		7F176885267D05420014BA27 /* CreateRecipeView.swift in Sources */ = {isa = PBXBuildFile; fileRef = 7F176884267D05420014BA27 /* CreateRecipeView.swift */; };
		7F176889267D0D030014BA27 /* SelectIngredientView.swift in Sources */ = {isa = PBXBuildFile; fileRef = 7F176888267D0D030014BA27 /* SelectIngredientView.swift */; };
		7F17688C267D0DCE0014BA27 /* CreateIngredientLineView.swift in Sources */ = {isa = PBXBuildFile; fileRef = 7F17688B267D0DCE0014BA27 /* CreateIngredientLineView.swift */; };
		7F17688E267D0DF10014BA27 /* CreateIngredientLineViewModel.swift in Sources */ = {isa = PBXBuildFile; fileRef = 7F17688D267D0DF10014BA27 /* CreateIngredientLineViewModel.swift */; };
		7F176892267D272D0014BA27 /* SelectableItem.swift in Sources */ = {isa = PBXBuildFile; fileRef = 7F176891267D272D0014BA27 /* SelectableItem.swift */; };
		7F176895267D28BB0014BA27 /* SelectIngredientViewModel.swift in Sources */ = {isa = PBXBuildFile; fileRef = 7F176894267D28BB0014BA27 /* SelectIngredientViewModel.swift */; };
		7F176897267D29200014BA27 /* BCLIngredient.swift in Sources */ = {isa = PBXBuildFile; fileRef = 7F176896267D29200014BA27 /* BCLIngredient.swift */; };
		7F176899267D2C640014BA27 /* MockData.swift in Sources */ = {isa = PBXBuildFile; fileRef = 7F176898267D2C640014BA27 /* MockData.swift */; };
		7F17689C267D2DAA0014BA27 /* SelectableItemList.swift in Sources */ = {isa = PBXBuildFile; fileRef = 7F17689B267D2DAA0014BA27 /* SelectableItemList.swift */; };
		7F17689E267D38250014BA27 /* SelectableItemCell.swift in Sources */ = {isa = PBXBuildFile; fileRef = 7F17689D267D38250014BA27 /* SelectableItemCell.swift */; };
		7F1768A0267D64CF0014BA27 /* AlertItem.swift in Sources */ = {isa = PBXBuildFile; fileRef = 7F17689F267D64CF0014BA27 /* AlertItem.swift */; };
		7F1768A2267D6E370014BA27 /* CreateRecipeViewModel.swift in Sources */ = {isa = PBXBuildFile; fileRef = 7F1768A1267D6E370014BA27 /* CreateRecipeViewModel.swift */; };
		7F1768A5267D6F910014BA27 /* SelectMeasurementView.swift in Sources */ = {isa = PBXBuildFile; fileRef = 7F1768A4267D6F910014BA27 /* SelectMeasurementView.swift */; };
		7F1768A7267D704A0014BA27 /* CustomModifiers.swift in Sources */ = {isa = PBXBuildFile; fileRef = 7F1768A6267D704A0014BA27 /* CustomModifiers.swift */; };
		7F1768AB267D71150014BA27 /* SelectMeasurementViewModel.swift in Sources */ = {isa = PBXBuildFile; fileRef = 7F1768AA267D71150014BA27 /* SelectMeasurementViewModel.swift */; };
		7F1768AD267D71340014BA27 /* BCLMeasurement.swift in Sources */ = {isa = PBXBuildFile; fileRef = 7F1768AC267D71340014BA27 /* BCLMeasurement.swift */; };
		7F1768B1267D75BF0014BA27 /* LoadingView.swift in Sources */ = {isa = PBXBuildFile; fileRef = 7F1768B0267D75BF0014BA27 /* LoadingView.swift */; };
		7F1768B4267D77190014BA27 /* Color.swift in Sources */ = {isa = PBXBuildFile; fileRef = 7F1768B3267D77190014BA27 /* Color.swift */; };
		7F1768B6267D788B0014BA27 /* View+Ext.swift in Sources */ = {isa = PBXBuildFile; fileRef = 7F1768B5267D788B0014BA27 /* View+Ext.swift */; };
		7F1768B8267D7E4B0014BA27 /* BCLIngredientLine.swift in Sources */ = {isa = PBXBuildFile; fileRef = 7F1768B7267D7E4B0014BA27 /* BCLIngredientLine.swift */; };
		7F1768BB267E57160014BA27 /* SelectTagView.swift in Sources */ = {isa = PBXBuildFile; fileRef = 7F1768BA267E57160014BA27 /* SelectTagView.swift */; };
		7F1768BD267E57A00014BA27 /* SelectTagViewModel.swift in Sources */ = {isa = PBXBuildFile; fileRef = 7F1768BC267E57A00014BA27 /* SelectTagViewModel.swift */; };
		7F1768BF267E5FF10014BA27 /* Error.swift in Sources */ = {isa = PBXBuildFile; fileRef = 7F1768BE267E5FF10014BA27 /* Error.swift */; };
		7F1768C1267E60B20014BA27 /* Error+Ext.swift in Sources */ = {isa = PBXBuildFile; fileRef = 7F1768C0267E60B20014BA27 /* Error+Ext.swift */; };
		7F1768C4267F9FF70014BA27 /* HomeViewModel.swift in Sources */ = {isa = PBXBuildFile; fileRef = 7F1768C3267F9FF70014BA27 /* HomeViewModel.swift */; };
		7F5991C82678528A00EFC5EB /* CloudKit.framework in Frameworks */ = {isa = PBXBuildFile; fileRef = 7F5991C72678528A00EFC5EB /* CloudKit.framework */; };
		7F5991CA267852BB00EFC5EB /* CloudKit.framework in Frameworks */ = {isa = PBXBuildFile; fileRef = 7F5991C9267852BB00EFC5EB /* CloudKit.framework */; };
		7F5991CE2678582B00EFC5EB /* CloudKitManager.swift in Sources */ = {isa = PBXBuildFile; fileRef = 7F5991CD2678582B00EFC5EB /* CloudKitManager.swift */; };
		7FC299102676CA8C001C9BC2 /* ChefLifeMultiPlatApp.swift in Sources */ = {isa = PBXBuildFile; fileRef = 7FC298FD2676CA89001C9BC2 /* ChefLifeMultiPlatApp.swift */; };
		7FC299112676CA8C001C9BC2 /* ChefLifeMultiPlatApp.swift in Sources */ = {isa = PBXBuildFile; fileRef = 7FC298FD2676CA89001C9BC2 /* ChefLifeMultiPlatApp.swift */; };
		7FC299142676CA8C001C9BC2 /* Assets.xcassets in Resources */ = {isa = PBXBuildFile; fileRef = 7FC298FF2676CA8B001C9BC2 /* Assets.xcassets */; };
		7FC299152676CA8C001C9BC2 /* Assets.xcassets in Resources */ = {isa = PBXBuildFile; fileRef = 7FC298FF2676CA8B001C9BC2 /* Assets.xcassets */; };
		7FCB690326785B6F0025E919 /* CKRecord+Ext.swift in Sources */ = {isa = PBXBuildFile; fileRef = 7FCB690226785B6F0025E919 /* CKRecord+Ext.swift */; };
		7FCB690626785BE70025E919 /* BCLRecipe.swift in Sources */ = {isa = PBXBuildFile; fileRef = 7FCB690526785BE70025E919 /* BCLRecipe.swift */; };
		7FCB69082678614E0025E919 /* BCLTag.swift in Sources */ = {isa = PBXBuildFile; fileRef = 7FCB69072678614E0025E919 /* BCLTag.swift */; };
		7FCB690A267861C80025E919 /* Constants.swift in Sources */ = {isa = PBXBuildFile; fileRef = 7FCB6909267861C80025E919 /* Constants.swift */; };
		7FEDBD3226770CC200A1E187 /* HomeView.swift in Sources */ = {isa = PBXBuildFile; fileRef = 7FEDBD3126770CC200A1E187 /* HomeView.swift */; };
		7FEDBD3326770CC200A1E187 /* HomeView.swift in Sources */ = {isa = PBXBuildFile; fileRef = 7FEDBD3126770CC200A1E187 /* HomeView.swift */; };
/* End PBXBuildFile section */

/* Begin PBXFileReference section */
		7F176884267D05420014BA27 /* CreateRecipeView.swift */ = {isa = PBXFileReference; lastKnownFileType = sourcecode.swift; path = CreateRecipeView.swift; sourceTree = "<group>"; };
		7F176888267D0D030014BA27 /* SelectIngredientView.swift */ = {isa = PBXFileReference; lastKnownFileType = sourcecode.swift; path = SelectIngredientView.swift; sourceTree = "<group>"; };
		7F17688B267D0DCE0014BA27 /* CreateIngredientLineView.swift */ = {isa = PBXFileReference; lastKnownFileType = sourcecode.swift; path = CreateIngredientLineView.swift; sourceTree = "<group>"; };
		7F17688D267D0DF10014BA27 /* CreateIngredientLineViewModel.swift */ = {isa = PBXFileReference; lastKnownFileType = sourcecode.swift; path = CreateIngredientLineViewModel.swift; sourceTree = "<group>"; };
		7F176891267D272D0014BA27 /* SelectableItem.swift */ = {isa = PBXFileReference; lastKnownFileType = sourcecode.swift; path = SelectableItem.swift; sourceTree = "<group>"; };
		7F176894267D28BB0014BA27 /* SelectIngredientViewModel.swift */ = {isa = PBXFileReference; lastKnownFileType = sourcecode.swift; path = SelectIngredientViewModel.swift; sourceTree = "<group>"; };
		7F176896267D29200014BA27 /* BCLIngredient.swift */ = {isa = PBXFileReference; lastKnownFileType = sourcecode.swift; path = BCLIngredient.swift; sourceTree = "<group>"; };
		7F176898267D2C640014BA27 /* MockData.swift */ = {isa = PBXFileReference; lastKnownFileType = sourcecode.swift; path = MockData.swift; sourceTree = "<group>"; };
		7F17689B267D2DAA0014BA27 /* SelectableItemList.swift */ = {isa = PBXFileReference; lastKnownFileType = sourcecode.swift; path = SelectableItemList.swift; sourceTree = "<group>"; };
		7F17689D267D38250014BA27 /* SelectableItemCell.swift */ = {isa = PBXFileReference; lastKnownFileType = sourcecode.swift; path = SelectableItemCell.swift; sourceTree = "<group>"; };
		7F17689F267D64CF0014BA27 /* AlertItem.swift */ = {isa = PBXFileReference; lastKnownFileType = sourcecode.swift; path = AlertItem.swift; sourceTree = "<group>"; };
		7F1768A1267D6E370014BA27 /* CreateRecipeViewModel.swift */ = {isa = PBXFileReference; lastKnownFileType = sourcecode.swift; path = CreateRecipeViewModel.swift; sourceTree = "<group>"; };
		7F1768A4267D6F910014BA27 /* SelectMeasurementView.swift */ = {isa = PBXFileReference; lastKnownFileType = sourcecode.swift; path = SelectMeasurementView.swift; sourceTree = "<group>"; };
		7F1768A6267D704A0014BA27 /* CustomModifiers.swift */ = {isa = PBXFileReference; lastKnownFileType = sourcecode.swift; path = CustomModifiers.swift; sourceTree = "<group>"; };
		7F1768AA267D71150014BA27 /* SelectMeasurementViewModel.swift */ = {isa = PBXFileReference; lastKnownFileType = sourcecode.swift; path = SelectMeasurementViewModel.swift; sourceTree = "<group>"; };
		7F1768AC267D71340014BA27 /* BCLMeasurement.swift */ = {isa = PBXFileReference; lastKnownFileType = sourcecode.swift; path = BCLMeasurement.swift; sourceTree = "<group>"; };
		7F1768B0267D75BF0014BA27 /* LoadingView.swift */ = {isa = PBXFileReference; lastKnownFileType = sourcecode.swift; path = LoadingView.swift; sourceTree = "<group>"; };
		7F1768B3267D77190014BA27 /* Color.swift */ = {isa = PBXFileReference; lastKnownFileType = sourcecode.swift; path = Color.swift; sourceTree = "<group>"; };
		7F1768B5267D788B0014BA27 /* View+Ext.swift */ = {isa = PBXFileReference; lastKnownFileType = sourcecode.swift; path = "View+Ext.swift"; sourceTree = "<group>"; };
		7F1768B7267D7E4B0014BA27 /* BCLIngredientLine.swift */ = {isa = PBXFileReference; lastKnownFileType = sourcecode.swift; path = BCLIngredientLine.swift; sourceTree = "<group>"; };
		7F1768BA267E57160014BA27 /* SelectTagView.swift */ = {isa = PBXFileReference; lastKnownFileType = sourcecode.swift; path = SelectTagView.swift; sourceTree = "<group>"; };
		7F1768BC267E57A00014BA27 /* SelectTagViewModel.swift */ = {isa = PBXFileReference; lastKnownFileType = sourcecode.swift; path = SelectTagViewModel.swift; sourceTree = "<group>"; };
		7F1768BE267E5FF10014BA27 /* Error.swift */ = {isa = PBXFileReference; lastKnownFileType = sourcecode.swift; path = Error.swift; sourceTree = "<group>"; };
		7F1768C0267E60B20014BA27 /* Error+Ext.swift */ = {isa = PBXFileReference; lastKnownFileType = sourcecode.swift; path = "Error+Ext.swift"; sourceTree = "<group>"; };
		7F1768C3267F9FF70014BA27 /* HomeViewModel.swift */ = {isa = PBXFileReference; lastKnownFileType = sourcecode.swift; path = HomeViewModel.swift; sourceTree = "<group>"; };
		7F5991C52678528700EFC5EB /* ChefLifeMultiPlat.entitlements */ = {isa = PBXFileReference; lastKnownFileType = text.plist.entitlements; path = ChefLifeMultiPlat.entitlements; sourceTree = "<group>"; };
		7F5991C72678528A00EFC5EB /* CloudKit.framework */ = {isa = PBXFileReference; lastKnownFileType = wrapper.framework; name = CloudKit.framework; path = Platforms/iPhoneOS.platform/Developer/SDKs/iPhoneOS14.5.sdk/System/Library/Frameworks/CloudKit.framework; sourceTree = DEVELOPER_DIR; };
		7F5991C9267852BB00EFC5EB /* CloudKit.framework */ = {isa = PBXFileReference; lastKnownFileType = wrapper.framework; name = CloudKit.framework; path = System/Library/Frameworks/CloudKit.framework; sourceTree = SDKROOT; };
		7F5991CD2678582B00EFC5EB /* CloudKitManager.swift */ = {isa = PBXFileReference; lastKnownFileType = sourcecode.swift; path = CloudKitManager.swift; sourceTree = "<group>"; };
		7FC298FD2676CA89001C9BC2 /* ChefLifeMultiPlatApp.swift */ = {isa = PBXFileReference; lastKnownFileType = sourcecode.swift; path = ChefLifeMultiPlatApp.swift; sourceTree = "<group>"; };
		7FC298FF2676CA8B001C9BC2 /* Assets.xcassets */ = {isa = PBXFileReference; lastKnownFileType = folder.assetcatalog; path = Assets.xcassets; sourceTree = "<group>"; };
		7FC299042676CA8C001C9BC2 /* ChefLifeMultiPlat.app */ = {isa = PBXFileReference; explicitFileType = wrapper.application; includeInIndex = 0; path = ChefLifeMultiPlat.app; sourceTree = BUILT_PRODUCTS_DIR; };
		7FC299072676CA8C001C9BC2 /* Info.plist */ = {isa = PBXFileReference; lastKnownFileType = text.plist.xml; path = Info.plist; sourceTree = "<group>"; };
		7FC2990C2676CA8C001C9BC2 /* ChefLifeMultiPlat.app */ = {isa = PBXFileReference; explicitFileType = wrapper.application; includeInIndex = 0; path = ChefLifeMultiPlat.app; sourceTree = BUILT_PRODUCTS_DIR; };
		7FC2990E2676CA8C001C9BC2 /* Info.plist */ = {isa = PBXFileReference; lastKnownFileType = text.plist.xml; path = Info.plist; sourceTree = "<group>"; };
		7FC2990F2676CA8C001C9BC2 /* macOS.entitlements */ = {isa = PBXFileReference; lastKnownFileType = text.plist.entitlements; path = macOS.entitlements; sourceTree = "<group>"; };
		7FCB690226785B6F0025E919 /* CKRecord+Ext.swift */ = {isa = PBXFileReference; lastKnownFileType = sourcecode.swift; path = "CKRecord+Ext.swift"; sourceTree = "<group>"; };
		7FCB690526785BE70025E919 /* BCLRecipe.swift */ = {isa = PBXFileReference; lastKnownFileType = sourcecode.swift; path = BCLRecipe.swift; sourceTree = "<group>"; };
		7FCB69072678614E0025E919 /* BCLTag.swift */ = {isa = PBXFileReference; lastKnownFileType = sourcecode.swift; path = BCLTag.swift; sourceTree = "<group>"; };
		7FCB6909267861C80025E919 /* Constants.swift */ = {isa = PBXFileReference; lastKnownFileType = sourcecode.swift; path = Constants.swift; sourceTree = "<group>"; };
		7FEDBD3126770CC200A1E187 /* HomeView.swift */ = {isa = PBXFileReference; lastKnownFileType = sourcecode.swift; path = HomeView.swift; sourceTree = "<group>"; };
/* End PBXFileReference section */

/* Begin PBXFrameworksBuildPhase section */
		7FC299012676CA8C001C9BC2 /* Frameworks */ = {
			isa = PBXFrameworksBuildPhase;
			buildActionMask = 2147483647;
			files = (
				7F5991C82678528A00EFC5EB /* CloudKit.framework in Frameworks */,
			);
			runOnlyForDeploymentPostprocessing = 0;
		};
		7FC299092676CA8C001C9BC2 /* Frameworks */ = {
			isa = PBXFrameworksBuildPhase;
			buildActionMask = 2147483647;
			files = (
				7F5991CA267852BB00EFC5EB /* CloudKit.framework in Frameworks */,
			);
			runOnlyForDeploymentPostprocessing = 0;
		};
/* End PBXFrameworksBuildPhase section */

/* Begin PBXGroup section */
		7F176886267D0BE50014BA27 /* CreateRecipe */ = {
			isa = PBXGroup;
			children = (
				7F1768A1267D6E370014BA27 /* CreateRecipeViewModel.swift */,
				7F176884267D05420014BA27 /* CreateRecipeView.swift */,
			);
			path = CreateRecipe;
			sourceTree = "<group>";
		};
		7F176887267D0CEA0014BA27 /* SelectIngredient */ = {
			isa = PBXGroup;
			children = (
				7F176894267D28BB0014BA27 /* SelectIngredientViewModel.swift */,
				7F176888267D0D030014BA27 /* SelectIngredientView.swift */,
			);
			path = SelectIngredient;
			sourceTree = "<group>";
		};
		7F17688A267D0DB70014BA27 /* CreateIngredientLine */ = {
			isa = PBXGroup;
			children = (
				7F17688D267D0DF10014BA27 /* CreateIngredientLineViewModel.swift */,
				7F17688B267D0DCE0014BA27 /* CreateIngredientLineView.swift */,
			);
			path = CreateIngredientLine;
			sourceTree = "<group>";
		};
		7F17688F267D26F20014BA27 /* CloudKit */ = {
			isa = PBXGroup;
			children = (
				7FCB690526785BE70025E919 /* BCLRecipe.swift */,
				7FCB69072678614E0025E919 /* BCLTag.swift */,
				7F1768B7267D7E4B0014BA27 /* BCLIngredientLine.swift */,
				7F176896267D29200014BA27 /* BCLIngredient.swift */,
				7F1768AC267D71340014BA27 /* BCLMeasurement.swift */,
				7F176898267D2C640014BA27 /* MockData.swift */,
			);
			path = CloudKit;
			sourceTree = "<group>";
		};
		7F176890267D27030014BA27 /* Helpers */ = {
			isa = PBXGroup;
			children = (
				7F176891267D272D0014BA27 /* SelectableItem.swift */,
			);
			path = Helpers;
			sourceTree = "<group>";
		};
		7F17689A267D2D960014BA27 /* CustomViews */ = {
			isa = PBXGroup;
			children = (
				7F17689B267D2DAA0014BA27 /* SelectableItemList.swift */,
				7F1768B0267D75BF0014BA27 /* LoadingView.swift */,
			);
			path = CustomViews;
			sourceTree = "<group>";
		};
		7F1768A3267D6F780014BA27 /* SelectMeasurement */ = {
			isa = PBXGroup;
			children = (
				7F1768AA267D71150014BA27 /* SelectMeasurementViewModel.swift */,
				7F1768A4267D6F910014BA27 /* SelectMeasurementView.swift */,
			);
			path = SelectMeasurement;
			sourceTree = "<group>";
		};
		7F1768A9267D70F30014BA27 /* Cells */ = {
			isa = PBXGroup;
			children = (
				7F17689D267D38250014BA27 /* SelectableItemCell.swift */,
			);
			path = Cells;
			sourceTree = "<group>";
		};
		7F1768B2267D76690014BA27 /* Assets */ = {
			isa = PBXGroup;
			children = (
				7FC298FF2676CA8B001C9BC2 /* Assets.xcassets */,
				7F1768B3267D77190014BA27 /* Color.swift */,
			);
			path = Assets;
			sourceTree = "<group>";
		};
		7F1768B9267E57030014BA27 /* SelectTag */ = {
			isa = PBXGroup;
			children = (
				7F1768BC267E57A00014BA27 /* SelectTagViewModel.swift */,
				7F1768BA267E57160014BA27 /* SelectTagView.swift */,
			);
			path = SelectTag;
			sourceTree = "<group>";
		};
		7F1768C2267F9FE40014BA27 /* Home */ = {
			isa = PBXGroup;
			children = (
				7F1768C3267F9FF70014BA27 /* HomeViewModel.swift */,
				7FEDBD3126770CC200A1E187 /* HomeView.swift */,
			);
			path = Home;
			sourceTree = "<group>";
		};
		7F5991C62678528A00EFC5EB /* Frameworks */ = {
			isa = PBXGroup;
			children = (
				7F5991C9267852BB00EFC5EB /* CloudKit.framework */,
				7F5991C72678528A00EFC5EB /* CloudKit.framework */,
			);
			name = Frameworks;
			sourceTree = "<group>";
		};
		7F5991CB2678580D00EFC5EB /* Utilities */ = {
			isa = PBXGroup;
			children = (
				7F5991CC2678581700EFC5EB /* Managers */,
				7FCB690126785B570025E919 /* Extensions */,
				7FCB6909267861C80025E919 /* Constants.swift */,
				7F17689F267D64CF0014BA27 /* AlertItem.swift */,
				7F1768BE267E5FF10014BA27 /* Error.swift */,
			);
			path = Utilities;
			sourceTree = "<group>";
		};
		7F5991CC2678581700EFC5EB /* Managers */ = {
			isa = PBXGroup;
			children = (
				7F5991CD2678582B00EFC5EB /* CloudKitManager.swift */,
			);
			path = Managers;
			sourceTree = "<group>";
		};
		7FC298F72676CA88001C9BC2 = {
			isa = PBXGroup;
			children = (
				7F5991C52678528700EFC5EB /* ChefLifeMultiPlat.entitlements */,
				7FC298FC2676CA89001C9BC2 /* Shared */,
				7FC299062676CA8C001C9BC2 /* iOS */,
				7FC2990D2676CA8C001C9BC2 /* macOS */,
				7FC299052676CA8C001C9BC2 /* Products */,
				7F5991C62678528A00EFC5EB /* Frameworks */,
			);
			sourceTree = "<group>";
		};
		7FC298FC2676CA89001C9BC2 /* Shared */ = {
			isa = PBXGroup;
			children = (
				7FCB690426785BCB0025E919 /* Model */,
				7F5991CB2678580D00EFC5EB /* Utilities */,
				7FEDBD3426770CC600A1E187 /* Views */,
				7FC298FD2676CA89001C9BC2 /* ChefLifeMultiPlatApp.swift */,
				7F1768B2267D76690014BA27 /* Assets */,
			);
			path = Shared;
			sourceTree = "<group>";
		};
		7FC299052676CA8C001C9BC2 /* Products */ = {
			isa = PBXGroup;
			children = (
				7FC299042676CA8C001C9BC2 /* ChefLifeMultiPlat.app */,
				7FC2990C2676CA8C001C9BC2 /* ChefLifeMultiPlat.app */,
			);
			name = Products;
			sourceTree = "<group>";
		};
		7FC299062676CA8C001C9BC2 /* iOS */ = {
			isa = PBXGroup;
			children = (
				7FC299072676CA8C001C9BC2 /* Info.plist */,
			);
			path = iOS;
			sourceTree = "<group>";
		};
		7FC2990D2676CA8C001C9BC2 /* macOS */ = {
			isa = PBXGroup;
			children = (
				7FC2990E2676CA8C001C9BC2 /* Info.plist */,
				7FC2990F2676CA8C001C9BC2 /* macOS.entitlements */,
			);
			path = macOS;
			sourceTree = "<group>";
		};
		7FCB690126785B570025E919 /* Extensions */ = {
			isa = PBXGroup;
			children = (
				7FCB690226785B6F0025E919 /* CKRecord+Ext.swift */,
				7F1768B5267D788B0014BA27 /* View+Ext.swift */,
				7F1768C0267E60B20014BA27 /* Error+Ext.swift */,
			);
			path = Extensions;
			sourceTree = "<group>";
		};
		7FCB690426785BCB0025E919 /* Model */ = {
			isa = PBXGroup;
			children = (
				7F17688F267D26F20014BA27 /* CloudKit */,
				7F176890267D27030014BA27 /* Helpers */,
			);
			path = Model;
			sourceTree = "<group>";
		};
		7FEDBD3426770CC600A1E187 /* Views */ = {
			isa = PBXGroup;
			children = (
				7F1768A6267D704A0014BA27 /* CustomModifiers.swift */,
				7F17689A267D2D960014BA27 /* CustomViews */,
				7F1768A9267D70F30014BA27 /* Cells */,
				7FEDBD3526770CD000A1E187 /* Screens */,
			);
			path = Views;
			sourceTree = "<group>";
		};
		7FEDBD3526770CD000A1E187 /* Screens */ = {
			isa = PBXGroup;
			children = (
				7F1768C2267F9FE40014BA27 /* Home */,
				7F176886267D0BE50014BA27 /* CreateRecipe */,
				7F17688A267D0DB70014BA27 /* CreateIngredientLine */,
				7F1768A3267D6F780014BA27 /* SelectMeasurement */,
				7F176887267D0CEA0014BA27 /* SelectIngredient */,
				7F1768B9267E57030014BA27 /* SelectTag */,
			);
			path = Screens;
			sourceTree = "<group>";
		};
/* End PBXGroup section */

/* Begin PBXNativeTarget section */
		7FC299032676CA8C001C9BC2 /* ChefLifeMultiPlat (iOS) */ = {
			isa = PBXNativeTarget;
			buildConfigurationList = 7FC299182676CA8C001C9BC2 /* Build configuration list for PBXNativeTarget "ChefLifeMultiPlat (iOS)" */;
			buildPhases = (
				7FC299002676CA8C001C9BC2 /* Sources */,
				7FC299012676CA8C001C9BC2 /* Frameworks */,
				7FC299022676CA8C001C9BC2 /* Resources */,
				7F176893267D27770014BA27 /* ShellScript */,
			);
			buildRules = (
			);
			dependencies = (
			);
			name = "ChefLifeMultiPlat (iOS)";
			productName = "ChefLifeMultiPlat (iOS)";
			productReference = 7FC299042676CA8C001C9BC2 /* ChefLifeMultiPlat.app */;
			productType = "com.apple.product-type.application";
		};
		7FC2990B2676CA8C001C9BC2 /* ChefLifeMultiPlat (macOS) */ = {
			isa = PBXNativeTarget;
			buildConfigurationList = 7FC2991B2676CA8C001C9BC2 /* Build configuration list for PBXNativeTarget "ChefLifeMultiPlat (macOS)" */;
			buildPhases = (
				7FC299082676CA8C001C9BC2 /* Sources */,
				7FC299092676CA8C001C9BC2 /* Frameworks */,
				7FC2990A2676CA8C001C9BC2 /* Resources */,
			);
			buildRules = (
			);
			dependencies = (
			);
			name = "ChefLifeMultiPlat (macOS)";
			productName = "ChefLifeMultiPlat (macOS)";
			productReference = 7FC2990C2676CA8C001C9BC2 /* ChefLifeMultiPlat.app */;
			productType = "com.apple.product-type.application";
		};
/* End PBXNativeTarget section */

/* Begin PBXProject section */
		7FC298F82676CA88001C9BC2 /* Project object */ = {
			isa = PBXProject;
			attributes = {
				LastSwiftUpdateCheck = 1250;
				LastUpgradeCheck = 1250;
				TargetAttributes = {
					7FC299032676CA8C001C9BC2 = {
						CreatedOnToolsVersion = 12.5;
					};
					7FC2990B2676CA8C001C9BC2 = {
						CreatedOnToolsVersion = 12.5;
					};
				};
			};
			buildConfigurationList = 7FC298FB2676CA88001C9BC2 /* Build configuration list for PBXProject "ChefLifeMultiPlat" */;
			compatibilityVersion = "Xcode 9.3";
			developmentRegion = en;
			hasScannedForEncodings = 0;
			knownRegions = (
				en,
				Base,
			);
			mainGroup = 7FC298F72676CA88001C9BC2;
			productRefGroup = 7FC299052676CA8C001C9BC2 /* Products */;
			projectDirPath = "";
			projectRoot = "";
			targets = (
				7FC299032676CA8C001C9BC2 /* ChefLifeMultiPlat (iOS) */,
				7FC2990B2676CA8C001C9BC2 /* ChefLifeMultiPlat (macOS) */,
			);
		};
/* End PBXProject section */

/* Begin PBXResourcesBuildPhase section */
		7FC299022676CA8C001C9BC2 /* Resources */ = {
			isa = PBXResourcesBuildPhase;
			buildActionMask = 2147483647;
			files = (
				7FC299142676CA8C001C9BC2 /* Assets.xcassets in Resources */,
			);
			runOnlyForDeploymentPostprocessing = 0;
		};
		7FC2990A2676CA8C001C9BC2 /* Resources */ = {
			isa = PBXResourcesBuildPhase;
			buildActionMask = 2147483647;
			files = (
				7FC299152676CA8C001C9BC2 /* Assets.xcassets in Resources */,
			);
			runOnlyForDeploymentPostprocessing = 0;
		};
/* End PBXResourcesBuildPhase section */

/* Begin PBXShellScriptBuildPhase section */
		7F176893267D27770014BA27 /* ShellScript */ = {
			isa = PBXShellScriptBuildPhase;
			buildActionMask = 2147483647;
			files = (
			);
			inputFileListPaths = (
			);
			inputPaths = (
			);
			outputFileListPaths = (
			);
			outputPaths = (
			);
			runOnlyForDeploymentPostprocessing = 0;
			shellPath = /bin/sh;
			shellScript = "# Type a script or drag a script file from your workspace to insert its path.\nif which swiftlint >/dev/null; then\n  swiftlint\nelse\n  echo \"warning: SwiftLint not installed, download from https://github.com/realm/SwiftLint\"\nfi\n";
		};
/* End PBXShellScriptBuildPhase section */

/* Begin PBXSourcesBuildPhase section */
		7FC299002676CA8C001C9BC2 /* Sources */ = {
			isa = PBXSourcesBuildPhase;
			buildActionMask = 2147483647;
			files = (
				7F176889267D0D030014BA27 /* SelectIngredientView.swift in Sources */,
				7F176885267D05420014BA27 /* CreateRecipeView.swift in Sources */,
				7F1768A2267D6E370014BA27 /* CreateRecipeViewModel.swift in Sources */,
				7F1768C4267F9FF70014BA27 /* HomeViewModel.swift in Sources */,
				7F1768A5267D6F910014BA27 /* SelectMeasurementView.swift in Sources */,
				7F17689E267D38250014BA27 /* SelectableItemCell.swift in Sources */,
				7F1768B1267D75BF0014BA27 /* LoadingView.swift in Sources */,
				7F17689C267D2DAA0014BA27 /* SelectableItemList.swift in Sources */,
				7F176892267D272D0014BA27 /* SelectableItem.swift in Sources */,
				7FEDBD3226770CC200A1E187 /* HomeView.swift in Sources */,
				7F1768AD267D71340014BA27 /* BCLMeasurement.swift in Sources */,
				7F176899267D2C640014BA27 /* MockData.swift in Sources */,
				7F1768A0267D64CF0014BA27 /* AlertItem.swift in Sources */,
				7FCB69082678614E0025E919 /* BCLTag.swift in Sources */,
				7FC299102676CA8C001C9BC2 /* ChefLifeMultiPlatApp.swift in Sources */,
				7F1768AB267D71150014BA27 /* SelectMeasurementViewModel.swift in Sources */,
				7F1768A7267D704A0014BA27 /* CustomModifiers.swift in Sources */,
				7F1768BD267E57A00014BA27 /* SelectTagViewModel.swift in Sources */,
				7F176897267D29200014BA27 /* BCLIngredient.swift in Sources */,
				7FCB690626785BE70025E919 /* BCLRecipe.swift in Sources */,
				7F1768B4267D77190014BA27 /* Color.swift in Sources */,
				7F1768C1267E60B20014BA27 /* Error+Ext.swift in Sources */,
				7F176895267D28BB0014BA27 /* SelectIngredientViewModel.swift in Sources */,
				7F17688E267D0DF10014BA27 /* CreateIngredientLineViewModel.swift in Sources */,
				7F1768BB267E57160014BA27 /* SelectTagView.swift in Sources */,
				7FCB690A267861C80025E919 /* Constants.swift in Sources */,
				7F17688C267D0DCE0014BA27 /* CreateIngredientLineView.swift in Sources */,
				7FCB690326785B6F0025E919 /* CKRecord+Ext.swift in Sources */,
				7F1768B6267D788B0014BA27 /* View+Ext.swift in Sources */,
				7F5991CE2678582B00EFC5EB /* CloudKitManager.swift in Sources */,
				7F1768BF267E5FF10014BA27 /* Error.swift in Sources */,
				7F1768B8267D7E4B0014BA27 /* BCLIngredientLine.swift in Sources */,
			);
			runOnlyForDeploymentPostprocessing = 0;
		};
		7FC299082676CA8C001C9BC2 /* Sources */ = {
			isa = PBXSourcesBuildPhase;
			buildActionMask = 2147483647;
			files = (
				7FEDBD3326770CC200A1E187 /* HomeView.swift in Sources */,
				7FC299112676CA8C001C9BC2 /* ChefLifeMultiPlatApp.swift in Sources */,
			);
			runOnlyForDeploymentPostprocessing = 0;
		};
/* End PBXSourcesBuildPhase section */

/* Begin XCBuildConfiguration section */
		7FC299162676CA8C001C9BC2 /* Debug */ = {
			isa = XCBuildConfiguration;
			buildSettings = {
				ALWAYS_SEARCH_USER_PATHS = NO;
				CLANG_ANALYZER_NONNULL = YES;
				CLANG_ANALYZER_NUMBER_OBJECT_CONVERSION = YES_AGGRESSIVE;
				CLANG_CXX_LANGUAGE_STANDARD = "gnu++14";
				CLANG_CXX_LIBRARY = "libc++";
				CLANG_ENABLE_MODULES = YES;
				CLANG_ENABLE_OBJC_ARC = YES;
				CLANG_ENABLE_OBJC_WEAK = YES;
				CLANG_WARN_BLOCK_CAPTURE_AUTORELEASING = YES;
				CLANG_WARN_BOOL_CONVERSION = YES;
				CLANG_WARN_COMMA = YES;
				CLANG_WARN_CONSTANT_CONVERSION = YES;
				CLANG_WARN_DEPRECATED_OBJC_IMPLEMENTATIONS = YES;
				CLANG_WARN_DIRECT_OBJC_ISA_USAGE = YES_ERROR;
				CLANG_WARN_DOCUMENTATION_COMMENTS = YES;
				CLANG_WARN_EMPTY_BODY = YES;
				CLANG_WARN_ENUM_CONVERSION = YES;
				CLANG_WARN_INFINITE_RECURSION = YES;
				CLANG_WARN_INT_CONVERSION = YES;
				CLANG_WARN_NON_LITERAL_NULL_CONVERSION = YES;
				CLANG_WARN_OBJC_IMPLICIT_RETAIN_SELF = YES;
				CLANG_WARN_OBJC_LITERAL_CONVERSION = YES;
				CLANG_WARN_OBJC_ROOT_CLASS = YES_ERROR;
				CLANG_WARN_QUOTED_INCLUDE_IN_FRAMEWORK_HEADER = YES;
				CLANG_WARN_RANGE_LOOP_ANALYSIS = YES;
				CLANG_WARN_STRICT_PROTOTYPES = YES;
				CLANG_WARN_SUSPICIOUS_MOVE = YES;
				CLANG_WARN_UNGUARDED_AVAILABILITY = YES_AGGRESSIVE;
				CLANG_WARN_UNREACHABLE_CODE = YES;
				CLANG_WARN__DUPLICATE_METHOD_MATCH = YES;
				COPY_PHASE_STRIP = NO;
				DEBUG_INFORMATION_FORMAT = dwarf;
				ENABLE_STRICT_OBJC_MSGSEND = YES;
				ENABLE_TESTABILITY = YES;
				GCC_C_LANGUAGE_STANDARD = gnu11;
				GCC_DYNAMIC_NO_PIC = NO;
				GCC_NO_COMMON_BLOCKS = YES;
				GCC_OPTIMIZATION_LEVEL = 0;
				GCC_PREPROCESSOR_DEFINITIONS = (
					"DEBUG=1",
					"$(inherited)",
				);
				GCC_WARN_64_TO_32_BIT_CONVERSION = YES;
				GCC_WARN_ABOUT_RETURN_TYPE = YES_ERROR;
				GCC_WARN_UNDECLARED_SELECTOR = YES;
				GCC_WARN_UNINITIALIZED_AUTOS = YES_AGGRESSIVE;
				GCC_WARN_UNUSED_FUNCTION = YES;
				GCC_WARN_UNUSED_VARIABLE = YES;
				MTL_ENABLE_DEBUG_INFO = INCLUDE_SOURCE;
				MTL_FAST_MATH = YES;
				ONLY_ACTIVE_ARCH = YES;
				SWIFT_ACTIVE_COMPILATION_CONDITIONS = DEBUG;
				SWIFT_OPTIMIZATION_LEVEL = "-Onone";
			};
			name = Debug;
		};
		7FC299172676CA8C001C9BC2 /* Release */ = {
			isa = XCBuildConfiguration;
			buildSettings = {
				ALWAYS_SEARCH_USER_PATHS = NO;
				CLANG_ANALYZER_NONNULL = YES;
				CLANG_ANALYZER_NUMBER_OBJECT_CONVERSION = YES_AGGRESSIVE;
				CLANG_CXX_LANGUAGE_STANDARD = "gnu++14";
				CLANG_CXX_LIBRARY = "libc++";
				CLANG_ENABLE_MODULES = YES;
				CLANG_ENABLE_OBJC_ARC = YES;
				CLANG_ENABLE_OBJC_WEAK = YES;
				CLANG_WARN_BLOCK_CAPTURE_AUTORELEASING = YES;
				CLANG_WARN_BOOL_CONVERSION = YES;
				CLANG_WARN_COMMA = YES;
				CLANG_WARN_CONSTANT_CONVERSION = YES;
				CLANG_WARN_DEPRECATED_OBJC_IMPLEMENTATIONS = YES;
				CLANG_WARN_DIRECT_OBJC_ISA_USAGE = YES_ERROR;
				CLANG_WARN_DOCUMENTATION_COMMENTS = YES;
				CLANG_WARN_EMPTY_BODY = YES;
				CLANG_WARN_ENUM_CONVERSION = YES;
				CLANG_WARN_INFINITE_RECURSION = YES;
				CLANG_WARN_INT_CONVERSION = YES;
				CLANG_WARN_NON_LITERAL_NULL_CONVERSION = YES;
				CLANG_WARN_OBJC_IMPLICIT_RETAIN_SELF = YES;
				CLANG_WARN_OBJC_LITERAL_CONVERSION = YES;
				CLANG_WARN_OBJC_ROOT_CLASS = YES_ERROR;
				CLANG_WARN_QUOTED_INCLUDE_IN_FRAMEWORK_HEADER = YES;
				CLANG_WARN_RANGE_LOOP_ANALYSIS = YES;
				CLANG_WARN_STRICT_PROTOTYPES = YES;
				CLANG_WARN_SUSPICIOUS_MOVE = YES;
				CLANG_WARN_UNGUARDED_AVAILABILITY = YES_AGGRESSIVE;
				CLANG_WARN_UNREACHABLE_CODE = YES;
				CLANG_WARN__DUPLICATE_METHOD_MATCH = YES;
				COPY_PHASE_STRIP = NO;
				DEBUG_INFORMATION_FORMAT = "dwarf-with-dsym";
				ENABLE_NS_ASSERTIONS = NO;
				ENABLE_STRICT_OBJC_MSGSEND = YES;
				GCC_C_LANGUAGE_STANDARD = gnu11;
				GCC_NO_COMMON_BLOCKS = YES;
				GCC_WARN_64_TO_32_BIT_CONVERSION = YES;
				GCC_WARN_ABOUT_RETURN_TYPE = YES_ERROR;
				GCC_WARN_UNDECLARED_SELECTOR = YES;
				GCC_WARN_UNINITIALIZED_AUTOS = YES_AGGRESSIVE;
				GCC_WARN_UNUSED_FUNCTION = YES;
				GCC_WARN_UNUSED_VARIABLE = YES;
				MTL_ENABLE_DEBUG_INFO = NO;
				MTL_FAST_MATH = YES;
				SWIFT_COMPILATION_MODE = wholemodule;
				SWIFT_OPTIMIZATION_LEVEL = "-O";
			};
			name = Release;
		};
		7FC299192676CA8C001C9BC2 /* Debug */ = {
			isa = XCBuildConfiguration;
			buildSettings = {
				ASSETCATALOG_COMPILER_APPICON_NAME = AppIcon;
				ASSETCATALOG_COMPILER_GLOBAL_ACCENT_COLOR_NAME = AccentColor;
				CODE_SIGN_ENTITLEMENTS = ChefLifeMultiPlat.entitlements;
				CODE_SIGN_STYLE = Automatic;
				DEVELOPMENT_TEAM = T24L76PMG9;
				ENABLE_PREVIEWS = YES;
				INFOPLIST_FILE = iOS/Info.plist;
				IPHONEOS_DEPLOYMENT_TARGET = 14.0;
				LD_RUNPATH_SEARCH_PATHS = (
					"$(inherited)",
					"@executable_path/Frameworks",
				);
				PRODUCT_BUNDLE_IDENTIFIER = com.comedichoney.ChefLifeMultiPlat;
				PRODUCT_NAME = ChefLifeMultiPlat;
				SDKROOT = iphoneos;
				SWIFT_VERSION = 5.0;
				TARGETED_DEVICE_FAMILY = "1,2";
			};
			name = Debug;
		};
		7FC2991A2676CA8C001C9BC2 /* Release */ = {
			isa = XCBuildConfiguration;
			buildSettings = {
				ASSETCATALOG_COMPILER_APPICON_NAME = AppIcon;
				ASSETCATALOG_COMPILER_GLOBAL_ACCENT_COLOR_NAME = AccentColor;
				CODE_SIGN_ENTITLEMENTS = ChefLifeMultiPlat.entitlements;
				CODE_SIGN_STYLE = Automatic;
				DEVELOPMENT_TEAM = T24L76PMG9;
				ENABLE_PREVIEWS = YES;
				INFOPLIST_FILE = iOS/Info.plist;
				IPHONEOS_DEPLOYMENT_TARGET = 14.0;
				LD_RUNPATH_SEARCH_PATHS = (
					"$(inherited)",
					"@executable_path/Frameworks",
				);
				PRODUCT_BUNDLE_IDENTIFIER = com.comedichoney.ChefLifeMultiPlat;
				PRODUCT_NAME = ChefLifeMultiPlat;
				SDKROOT = iphoneos;
				SWIFT_VERSION = 5.0;
				TARGETED_DEVICE_FAMILY = "1,2";
				VALIDATE_PRODUCT = YES;
			};
			name = Release;
		};
		7FC2991C2676CA8C001C9BC2 /* Debug */ = {
			isa = XCBuildConfiguration;
			buildSettings = {
				ASSETCATALOG_COMPILER_APPICON_NAME = AppIcon;
				ASSETCATALOG_COMPILER_GLOBAL_ACCENT_COLOR_NAME = AccentColor;
				CODE_SIGN_ENTITLEMENTS = macOS/macOS.entitlements;
				CODE_SIGN_IDENTITY = "Apple Development";
				CODE_SIGN_STYLE = Automatic;
				COMBINE_HIDPI_IMAGES = YES;
				DEVELOPMENT_TEAM = T24L76PMG9;
				ENABLE_HARDENED_RUNTIME = YES;
				ENABLE_PREVIEWS = YES;
				INFOPLIST_FILE = macOS/Info.plist;
				LD_RUNPATH_SEARCH_PATHS = (
					"$(inherited)",
					"@executable_path/../Frameworks",
				);
				MACOSX_DEPLOYMENT_TARGET = 11.0;
				PRODUCT_BUNDLE_IDENTIFIER = com.comedichoney.ChefLifeMultiPlat;
				PRODUCT_NAME = ChefLifeMultiPlat;
				SDKROOT = macosx;
				SWIFT_VERSION = 5.0;
			};
			name = Debug;
		};
		7FC2991D2676CA8C001C9BC2 /* Release */ = {
			isa = XCBuildConfiguration;
			buildSettings = {
				ASSETCATALOG_COMPILER_APPICON_NAME = AppIcon;
				ASSETCATALOG_COMPILER_GLOBAL_ACCENT_COLOR_NAME = AccentColor;
				CODE_SIGN_ENTITLEMENTS = macOS/macOS.entitlements;
				CODE_SIGN_IDENTITY = "Apple Development";
				CODE_SIGN_STYLE = Automatic;
				COMBINE_HIDPI_IMAGES = YES;
				DEVELOPMENT_TEAM = T24L76PMG9;
				ENABLE_HARDENED_RUNTIME = YES;
				ENABLE_PREVIEWS = YES;
				INFOPLIST_FILE = macOS/Info.plist;
				LD_RUNPATH_SEARCH_PATHS = (
					"$(inherited)",
					"@executable_path/../Frameworks",
				);
				MACOSX_DEPLOYMENT_TARGET = 11.0;
				PRODUCT_BUNDLE_IDENTIFIER = com.comedichoney.ChefLifeMultiPlat;
				PRODUCT_NAME = ChefLifeMultiPlat;
				SDKROOT = macosx;
				SWIFT_VERSION = 5.0;
			};
			name = Release;
		};
/* End XCBuildConfiguration section */

/* Begin XCConfigurationList section */
		7FC298FB2676CA88001C9BC2 /* Build configuration list for PBXProject "ChefLifeMultiPlat" */ = {
			isa = XCConfigurationList;
			buildConfigurations = (
				7FC299162676CA8C001C9BC2 /* Debug */,
				7FC299172676CA8C001C9BC2 /* Release */,
			);
			defaultConfigurationIsVisible = 0;
			defaultConfigurationName = Release;
		};
		7FC299182676CA8C001C9BC2 /* Build configuration list for PBXNativeTarget "ChefLifeMultiPlat (iOS)" */ = {
			isa = XCConfigurationList;
			buildConfigurations = (
				7FC299192676CA8C001C9BC2 /* Debug */,
				7FC2991A2676CA8C001C9BC2 /* Release */,
			);
			defaultConfigurationIsVisible = 0;
			defaultConfigurationName = Release;
		};
		7FC2991B2676CA8C001C9BC2 /* Build configuration list for PBXNativeTarget "ChefLifeMultiPlat (macOS)" */ = {
			isa = XCConfigurationList;
			buildConfigurations = (
				7FC2991C2676CA8C001C9BC2 /* Debug */,
				7FC2991D2676CA8C001C9BC2 /* Release */,
			);
			defaultConfigurationIsVisible = 0;
			defaultConfigurationName = Release;
		};
/* End XCConfigurationList section */
	};
	rootObject = 7FC298F82676CA88001C9BC2 /* Project object */;
}
